
Microsoft Visual Studio Solution File, Format Version 12.00
# Visual Studio 2012
Project("{FAE04EC0-301F-11D3-BF4B-00C04F79EFBC}") = "SocialExchangeConsole", "SocialExchangeConsole\SocialExchangeConsole.csproj", "{B40CCD59-D5F3-46CE-B58D-64B502976017}"
EndProject
Project("{2150E333-8FDC-42A3-9474-1A3956D46DE8}") = "UserInterface", "UserInterface", "{3AD01B83-7CD4-41B9-B01B-032E410712E7}"
EndProject
Project("{2150E333-8FDC-42A3-9474-1A3956D46DE8}") = "Testing", "Testing", "{8A12C62F-EFA5-42A5-A2F2-7E07B47208FF}"
EndProject
Project("{FAE04EC0-301F-11D3-BF4B-00C04F79EFBC}") = "SocialExchange2", "..\SocialExchange2\SocialExchange2.csproj", "{17717DF4-7A0B-48DA-B73A-93D182160E07}"
EndProject
Project("{FAE04EC0-301F-11D3-BF4B-00C04F79EFBC}") = "SocialExchange2Tests", "SocialExchange2Tests\SocialExchange2Tests.csproj", "{5A3092BE-B720-46AA-A40F-E68BF13C0A7A}"
EndProject
Project("{FAE04EC0-301F-11D3-BF4B-00C04F79EFBC}") = "SocialExchangeWinForms", "SocialExchangeWinForms\SocialExchangeWinForms.csproj", "{FA2C3AE0-54D7-44EF-8D14-F8FA6B8610FE}"
EndProject
Global
	GlobalSection(SolutionConfigurationPlatforms) = preSolution
		Debug|Any CPU = Debug|Any CPU
		Release|Any CPU = Release|Any CPU
	EndGlobalSection
	GlobalSection(ProjectConfigurationPlatforms) = postSolution
		{17717DF4-7A0B-48DA-B73A-93D182160E07}.Debug|Any CPU.ActiveCfg = Debug|Any CPU
		{17717DF4-7A0B-48DA-B73A-93D182160E07}.Debug|Any CPU.Build.0 = Debug|Any CPU
		{17717DF4-7A0B-48DA-B73A-93D182160E07}.Release|Any CPU.ActiveCfg = Release|Any CPU
		{17717DF4-7A0B-48DA-B73A-93D182160E07}.Release|Any CPU.Build.0 = Release|Any CPU
		{5A3092BE-B720-46AA-A40F-E68BF13C0A7A}.Debug|Any CPU.ActiveCfg = Debug|Any CPU
		{5A3092BE-B720-46AA-A40F-E68BF13C0A7A}.Debug|Any CPU.Build.0 = Debug|Any CPU
		{5A3092BE-B720-46AA-A40F-E68BF13C0A7A}.Release|Any CPU.ActiveCfg = Release|Any CPU
		{5A3092BE-B720-46AA-A40F-E68BF13C0A7A}.Release|Any CPU.Build.0 = Release|Any CPU
		{B40CCD59-D5F3-46CE-B58D-64B502976017}.Debug|Any CPU.ActiveCfg = Debug|Any CPU
		{B40CCD59-D5F3-46CE-B58D-64B502976017}.Debug|Any CPU.Build.0 = Debug|Any CPU
		{B40CCD59-D5F3-46CE-B58D-64B502976017}.Release|Any CPU.ActiveCfg = Release|Any CPU
		{B40CCD59-D5F3-46CE-B58D-64B502976017}.Release|Any CPU.Build.0 = Release|Any CPU
		{FA2C3AE0-54D7-44EF-8D14-F8FA6B8610FE}.Debug|Any CPU.ActiveCfg = Debug|Any CPU
		{FA2C3AE0-54D7-44EF-8D14-F8FA6B8610FE}.Debug|Any CPU.Build.0 = Debug|Any CPU
		{FA2C3AE0-54D7-44EF-8D14-F8FA6B8610FE}.Release|Any CPU.ActiveCfg = Release|Any CPU
		{FA2C3AE0-54D7-44EF-8D14-F8FA6B8610FE}.Release|Any CPU.Build.0 = Release|Any CPU
	EndGlobalSection
	GlobalSection(SolutionProperties) = preSolution
		HideSolutionNode = FALSE
	EndGlobalSection
	GlobalSection(NestedProjects) = preSolution
		{5A3092BE-B720-46AA-A40F-E68BF13C0A7A} = {8A12C62F-EFA5-42A5-A2F2-7E07B47208FF}
		{B40CCD59-D5F3-46CE-B58D-64B502976017} = {3AD01B83-7CD4-41B9-B01B-032E410712E7}
		{FA2C3AE0-54D7-44EF-8D14-F8FA6B8610FE} = {3AD01B83-7CD4-41B9-B01B-032E410712E7}
	EndGlobalSection
EndGlobal
